
Microsoft Visual Studio Solution File, Format Version 12.00
# Visual Studio 15
VisualStudioVersion = 15.0.28307.1145
MinimumVisualStudioVersion = 10.0.40219.1
Project("{FAE04EC0-301F-11D3-BF4B-00C04F79EFBC}") = "Strategy_Pattern", "Strategy_Pattern\Strategy_Pattern.csproj", "{7B2EC6D6-13D8-4803-A8FA-3700E4802382}"
EndProject
Global
	GlobalSection(SolutionConfigurationPlatforms) = preSolution
		Debug|Any CPU = Debug|Any CPU
		Release|Any CPU = Release|Any CPU
	EndGlobalSection
	GlobalSection(ProjectConfigurationPlatforms) = postSolution
		{7B2EC6D6-13D8-4803-A8FA-3700E4802382}.Debug|Any CPU.ActiveCfg = Debug|Any CPU
		{7B2EC6D6-13D8-4803-A8FA-3700E4802382}.Debug|Any CPU.Build.0 = Debug|Any CPU
		{7B2EC6D6-13D8-4803-A8FA-3700E4802382}.Release|Any CPU.ActiveCfg = Release|Any CPU
		{7B2EC6D6-13D8-4803-A8FA-3700E4802382}.Release|Any CPU.Build.0 = Release|Any CPU
	EndGlobalSection
	GlobalSection(SolutionProperties) = preSolution
		HideSolutionNode = FALSE
	EndGlobalSection
	GlobalSection(ExtensibilityGlobals) = postSolution
		SolutionGuid = {0E9555EE-8144-4321-A6C1-D423347CBFAF}
	EndGlobalSection
EndGlobal
