
Microsoft Visual Studio Solution File, Format Version 12.00
# Visual Studio 15
VisualStudioVersion = 15.0.28307.1145
MinimumVisualStudioVersion = 10.0.40219.1
Project("{FAE04EC0-301F-11D3-BF4B-00C04F79EFBC}") = "Observer_Pattern", "Observer_Pattern\Observer_Pattern.csproj", "{6B40E705-26FE-40F0-A457-C4B377AFC783}"
EndProject
Global
	GlobalSection(SolutionConfigurationPlatforms) = preSolution
		Debug|Any CPU = Debug|Any CPU
		Release|Any CPU = Release|Any CPU
	EndGlobalSection
	GlobalSection(ProjectConfigurationPlatforms) = postSolution
		{6B40E705-26FE-40F0-A457-C4B377AFC783}.Debug|Any CPU.ActiveCfg = Debug|Any CPU
		{6B40E705-26FE-40F0-A457-C4B377AFC783}.Debug|Any CPU.Build.0 = Debug|Any CPU
		{6B40E705-26FE-40F0-A457-C4B377AFC783}.Release|Any CPU.ActiveCfg = Release|Any CPU
		{6B40E705-26FE-40F0-A457-C4B377AFC783}.Release|Any CPU.Build.0 = Release|Any CPU
	EndGlobalSection
	GlobalSection(SolutionProperties) = preSolution
		HideSolutionNode = FALSE
	EndGlobalSection
	GlobalSection(ExtensibilityGlobals) = postSolution
		SolutionGuid = {F9BAA6FA-543B-4688-8B7A-AF003640C3DC}
	EndGlobalSection
EndGlobal
